
Microsoft Visual Studio Solution File, Format Version 12.00
# Visual Studio Version 16
VisualStudioVersion = 16.0.30204.135
MinimumVisualStudioVersion = 10.0.40219.1
Project("{FAE04EC0-301F-11D3-BF4B-00C04F79EFBC}") = "WebApiDb", "WebApiDb\WebApiDb.csproj", "{B013904E-8B7C-4C90-9F65-6EA873F14C22}"
EndProject
Global
	GlobalSection(SolutionConfigurationPlatforms) = preSolution
		Debug|Any CPU = Debug|Any CPU
		Release|Any CPU = Release|Any CPU
	EndGlobalSection
	GlobalSection(ProjectConfigurationPlatforms) = postSolution
		{B013904E-8B7C-4C90-9F65-6EA873F14C22}.Debug|Any CPU.ActiveCfg = Debug|Any CPU
		{B013904E-8B7C-4C90-9F65-6EA873F14C22}.Debug|Any CPU.Build.0 = Debug|Any CPU
		{B013904E-8B7C-4C90-9F65-6EA873F14C22}.Release|Any CPU.ActiveCfg = Release|Any CPU
		{B013904E-8B7C-4C90-9F65-6EA873F14C22}.Release|Any CPU.Build.0 = Release|Any CPU
	EndGlobalSection
	GlobalSection(SolutionProperties) = preSolution
		HideSolutionNode = FALSE
	EndGlobalSection
	GlobalSection(ExtensibilityGlobals) = postSolution
		SolutionGuid = {D053ED3B-A5AA-456C-9215-9505118EB984}
	EndGlobalSection
EndGlobal
